
Microsoft Visual Studio Solution File, Format Version 12.00
# Visual Studio Version 17
VisualStudioVersion = 17.0.31903.59
MinimumVisualStudioVersion = 10.0.40219.1
Project("{8BC9CEB8-8B4A-11D0-8D11-00A0C91BC942}") = "Flappy_Bird", "Flappy_Bird\Flappy_Bird.vcxproj", "{EAC1B7CB-6545-497D-AEBE-FFE9471B0735}"
EndProject
Global
	GlobalSection(SolutionConfigurationPlatforms) = preSolution
		Debug|x64 = Debug|x64
		Debug|x86 = Debug|x86
		Release|x64 = Release|x64
		Release|x86 = Release|x86
	EndGlobalSection
	GlobalSection(ProjectConfigurationPlatforms) = postSolution
		{EAC1B7CB-6545-497D-AEBE-FFE9471B0735}.Debug|x64.ActiveCfg = Debug|x64
		{EAC1B7CB-6545-497D-AEBE-FFE9471B0735}.Debug|x64.Build.0 = Debug|x64
		{EAC1B7CB-6545-497D-AEBE-FFE9471B0735}.Debug|x86.ActiveCfg = Debug|Win32
		{EAC1B7CB-6545-497D-AEBE-FFE9471B0735}.Debug|x86.Build.0 = Debug|Win32
		{EAC1B7CB-6545-497D-AEBE-FFE9471B0735}.Release|x64.ActiveCfg = Release|x64
		{EAC1B7CB-6545-497D-AEBE-FFE9471B0735}.Release|x64.Build.0 = Release|x64
		{EAC1B7CB-6545-497D-AEBE-FFE9471B0735}.Release|x86.ActiveCfg = Release|Win32
		{EAC1B7CB-6545-497D-AEBE-FFE9471B0735}.Release|x86.Build.0 = Release|Win32
	EndGlobalSection
	GlobalSection(SolutionProperties) = preSolution
		HideSolutionNode = FALSE
	EndGlobalSection
	GlobalSection(ExtensibilityGlobals) = postSolution
		SolutionGuid = {AEEC2209-6EE7-4640-ACF2-8D4ACF2FB44D}
	EndGlobalSection
EndGlobal
